
Microsoft Visual Studio Solution File, Format Version 12.00
# Visual Studio Version 17
VisualStudioVersion = 17.1.32328.378
MinimumVisualStudioVersion = 10.0.40219.1
Project("{2150E333-8FDC-42A3-9474-1A3956D46DE8}") = "Solution Items", "Solution Items", "{C0DFF477-0261-4E82-B3FC-24FD72E0A20A}"
	ProjectSection(SolutionItems) = preProject
		SB\Golfer.sb = SB\Golfer.sb
		SB\q3.SB = SB\q3.SB
		SB\ssb272.ssb = SB\ssb272.ssb
		SB\Project Planner.sb = SB\Project Planner.sb
		README.md = README.md
		AGENTS.md = AGENTS.md
		ScopeOfWork.md = ScopeOfWork.md
		SB\Test.SB = SB\Test.SB
		BuiltInStatus.md = BuiltInStatus.md
	EndProjectSection
EndProject
Project("{F2A71F9B-5D33-465A-A702-920D77279786}") = "SB", "SB\SB.fsproj", "{EA794B75-4328-4042-8D26-4E76B6B59706}"
EndProject
Project("{FAE04EC0-301F-11D3-BF4B-00C04F79EFBC}") = "SBLib", "SBLib\SBLib.csproj", "{4C94014F-7DC1-4F30-9908-9D260B92DE26}"
EndProject
Project("{F2A71F9B-5D33-465A-A702-920D77279786}") = "SBTests", "SBTests\SBTests.fsproj", "{DA21D9E0-C5FC-45EC-A777-5BE324A6DDB0}"
EndProject
Project("{F2A71F9B-5D33-465A-A702-920D77279786}") = "SBRuntimeTests", "SBRuntimeTests\SBRuntimeTests.fsproj", "{5E684D25-53E8-41AB-BF11-307D7BBD6F4F}"
EndProject
Project("{F2A71F9B-5D33-465A-A702-920D77279786}") = "SBRuntime", "SBRuntime\SBRuntime.fsproj", "{F2BB01CE-EF15-4572-97AF-AD9466430989}"
EndProject
Project("{F2A71F9B-5D33-465A-A702-920D77279786}") = "SB.AvaloniaHost", "SB.AvaloniaHost\SB.AvaloniaHost.fsproj", "{18A6512E-8AAB-4633-B431-A5C9F277C735}"
EndProject
Global
	GlobalSection(SolutionConfigurationPlatforms) = preSolution
		Debug|Any CPU = Debug|Any CPU
		Debug|x64 = Debug|x64
		Debug|x86 = Debug|x86
		Release|Any CPU = Release|Any CPU
		Release|x64 = Release|x64
		Release|x86 = Release|x86
	EndGlobalSection
	GlobalSection(ProjectConfigurationPlatforms) = postSolution
		{EA794B75-4328-4042-8D26-4E76B6B59706}.Debug|Any CPU.ActiveCfg = Debug|Any CPU
		{EA794B75-4328-4042-8D26-4E76B6B59706}.Debug|Any CPU.Build.0 = Debug|Any CPU
		{EA794B75-4328-4042-8D26-4E76B6B59706}.Debug|x64.ActiveCfg = Debug|Any CPU
		{EA794B75-4328-4042-8D26-4E76B6B59706}.Debug|x64.Build.0 = Debug|Any CPU
		{EA794B75-4328-4042-8D26-4E76B6B59706}.Debug|x86.ActiveCfg = Debug|Any CPU
		{EA794B75-4328-4042-8D26-4E76B6B59706}.Debug|x86.Build.0 = Debug|Any CPU
		{EA794B75-4328-4042-8D26-4E76B6B59706}.Release|Any CPU.ActiveCfg = Release|Any CPU
		{EA794B75-4328-4042-8D26-4E76B6B59706}.Release|Any CPU.Build.0 = Release|Any CPU
		{EA794B75-4328-4042-8D26-4E76B6B59706}.Release|x64.ActiveCfg = Release|Any CPU
		{EA794B75-4328-4042-8D26-4E76B6B59706}.Release|x64.Build.0 = Release|Any CPU
		{EA794B75-4328-4042-8D26-4E76B6B59706}.Release|x86.ActiveCfg = Release|Any CPU
		{EA794B75-4328-4042-8D26-4E76B6B59706}.Release|x86.Build.0 = Release|Any CPU
		{4C94014F-7DC1-4F30-9908-9D260B92DE26}.Debug|Any CPU.ActiveCfg = Debug|Any CPU
		{4C94014F-7DC1-4F30-9908-9D260B92DE26}.Debug|Any CPU.Build.0 = Debug|Any CPU
		{4C94014F-7DC1-4F30-9908-9D260B92DE26}.Debug|x64.ActiveCfg = Debug|Any CPU
		{4C94014F-7DC1-4F30-9908-9D260B92DE26}.Debug|x64.Build.0 = Debug|Any CPU
		{4C94014F-7DC1-4F30-9908-9D260B92DE26}.Debug|x86.ActiveCfg = Debug|Any CPU
		{4C94014F-7DC1-4F30-9908-9D260B92DE26}.Debug|x86.Build.0 = Debug|Any CPU
		{4C94014F-7DC1-4F30-9908-9D260B92DE26}.Release|Any CPU.ActiveCfg = Release|Any CPU
		{4C94014F-7DC1-4F30-9908-9D260B92DE26}.Release|Any CPU.Build.0 = Release|Any CPU
		{4C94014F-7DC1-4F30-9908-9D260B92DE26}.Release|x64.ActiveCfg = Release|Any CPU
		{4C94014F-7DC1-4F30-9908-9D260B92DE26}.Release|x64.Build.0 = Release|Any CPU
		{4C94014F-7DC1-4F30-9908-9D260B92DE26}.Release|x86.ActiveCfg = Release|Any CPU
		{4C94014F-7DC1-4F30-9908-9D260B92DE26}.Release|x86.Build.0 = Release|Any CPU
		{DA21D9E0-C5FC-45EC-A777-5BE324A6DDB0}.Debug|Any CPU.ActiveCfg = Debug|Any CPU
		{DA21D9E0-C5FC-45EC-A777-5BE324A6DDB0}.Debug|Any CPU.Build.0 = Debug|Any CPU
		{DA21D9E0-C5FC-45EC-A777-5BE324A6DDB0}.Debug|x64.ActiveCfg = Debug|Any CPU
		{DA21D9E0-C5FC-45EC-A777-5BE324A6DDB0}.Debug|x64.Build.0 = Debug|Any CPU
		{DA21D9E0-C5FC-45EC-A777-5BE324A6DDB0}.Debug|x86.ActiveCfg = Debug|Any CPU
		{DA21D9E0-C5FC-45EC-A777-5BE324A6DDB0}.Debug|x86.Build.0 = Debug|Any CPU
		{DA21D9E0-C5FC-45EC-A777-5BE324A6DDB0}.Release|Any CPU.ActiveCfg = Release|Any CPU
		{DA21D9E0-C5FC-45EC-A777-5BE324A6DDB0}.Release|Any CPU.Build.0 = Release|Any CPU
		{DA21D9E0-C5FC-45EC-A777-5BE324A6DDB0}.Release|x64.ActiveCfg = Release|Any CPU
		{DA21D9E0-C5FC-45EC-A777-5BE324A6DDB0}.Release|x64.Build.0 = Release|Any CPU
		{DA21D9E0-C5FC-45EC-A777-5BE324A6DDB0}.Release|x86.ActiveCfg = Release|Any CPU
		{DA21D9E0-C5FC-45EC-A777-5BE324A6DDB0}.Release|x86.Build.0 = Release|Any CPU
		{5E684D25-53E8-41AB-BF11-307D7BBD6F4F}.Debug|Any CPU.ActiveCfg = Debug|Any CPU
		{5E684D25-53E8-41AB-BF11-307D7BBD6F4F}.Debug|Any CPU.Build.0 = Debug|Any CPU
		{5E684D25-53E8-41AB-BF11-307D7BBD6F4F}.Debug|x64.ActiveCfg = Debug|Any CPU
		{5E684D25-53E8-41AB-BF11-307D7BBD6F4F}.Debug|x64.Build.0 = Debug|Any CPU
		{5E684D25-53E8-41AB-BF11-307D7BBD6F4F}.Debug|x86.ActiveCfg = Debug|Any CPU
		{5E684D25-53E8-41AB-BF11-307D7BBD6F4F}.Debug|x86.Build.0 = Debug|Any CPU
		{5E684D25-53E8-41AB-BF11-307D7BBD6F4F}.Release|Any CPU.ActiveCfg = Release|Any CPU
		{5E684D25-53E8-41AB-BF11-307D7BBD6F4F}.Release|Any CPU.Build.0 = Release|Any CPU
		{5E684D25-53E8-41AB-BF11-307D7BBD6F4F}.Release|x64.ActiveCfg = Release|Any CPU
		{5E684D25-53E8-41AB-BF11-307D7BBD6F4F}.Release|x64.Build.0 = Release|Any CPU
		{5E684D25-53E8-41AB-BF11-307D7BBD6F4F}.Release|x86.ActiveCfg = Release|Any CPU
		{5E684D25-53E8-41AB-BF11-307D7BBD6F4F}.Release|x86.Build.0 = Release|Any CPU
		{F2BB01CE-EF15-4572-97AF-AD9466430989}.Debug|Any CPU.ActiveCfg = Debug|Any CPU
		{F2BB01CE-EF15-4572-97AF-AD9466430989}.Debug|Any CPU.Build.0 = Debug|Any CPU
		{F2BB01CE-EF15-4572-97AF-AD9466430989}.Debug|x64.ActiveCfg = Debug|Any CPU
		{F2BB01CE-EF15-4572-97AF-AD9466430989}.Debug|x64.Build.0 = Debug|Any CPU
		{F2BB01CE-EF15-4572-97AF-AD9466430989}.Debug|x86.ActiveCfg = Debug|Any CPU
		{F2BB01CE-EF15-4572-97AF-AD9466430989}.Debug|x86.Build.0 = Debug|Any CPU
		{F2BB01CE-EF15-4572-97AF-AD9466430989}.Release|Any CPU.ActiveCfg = Release|Any CPU
		{F2BB01CE-EF15-4572-97AF-AD9466430989}.Release|Any CPU.Build.0 = Release|Any CPU
		{F2BB01CE-EF15-4572-97AF-AD9466430989}.Release|x64.ActiveCfg = Release|Any CPU
		{F2BB01CE-EF15-4572-97AF-AD9466430989}.Release|x64.Build.0 = Release|Any CPU
		{F2BB01CE-EF15-4572-97AF-AD9466430989}.Release|x86.ActiveCfg = Release|Any CPU
		{F2BB01CE-EF15-4572-97AF-AD9466430989}.Release|x86.Build.0 = Release|Any CPU
		{18A6512E-8AAB-4633-B431-A5C9F277C735}.Debug|Any CPU.ActiveCfg = Debug|Any CPU
		{18A6512E-8AAB-4633-B431-A5C9F277C735}.Debug|Any CPU.Build.0 = Debug|Any CPU
		{18A6512E-8AAB-4633-B431-A5C9F277C735}.Debug|x64.ActiveCfg = Debug|Any CPU
		{18A6512E-8AAB-4633-B431-A5C9F277C735}.Debug|x64.Build.0 = Debug|Any CPU
		{18A6512E-8AAB-4633-B431-A5C9F277C735}.Debug|x86.ActiveCfg = Debug|Any CPU
		{18A6512E-8AAB-4633-B431-A5C9F277C735}.Debug|x86.Build.0 = Debug|Any CPU
		{18A6512E-8AAB-4633-B431-A5C9F277C735}.Release|Any CPU.ActiveCfg = Release|Any CPU
		{18A6512E-8AAB-4633-B431-A5C9F277C735}.Release|Any CPU.Build.0 = Release|Any CPU
		{18A6512E-8AAB-4633-B431-A5C9F277C735}.Release|x64.ActiveCfg = Release|Any CPU
		{18A6512E-8AAB-4633-B431-A5C9F277C735}.Release|x64.Build.0 = Release|Any CPU
		{18A6512E-8AAB-4633-B431-A5C9F277C735}.Release|x86.ActiveCfg = Release|Any CPU
		{18A6512E-8AAB-4633-B431-A5C9F277C735}.Release|x86.Build.0 = Release|Any CPU
	EndGlobalSection
	GlobalSection(SolutionProperties) = preSolution
		HideSolutionNode = FALSE
	EndGlobalSection
	GlobalSection(ExtensibilityGlobals) = postSolution
		SolutionGuid = {0087A234-601D-436B-871E-EF4276A2A29B}
	EndGlobalSection
EndGlobal
